
Microsoft Visual Studio Solution File, Format Version 12.00
# Visual Studio 14
VisualStudioVersion = 14.0.25123.0
MinimumVisualStudioVersion = 10.0.40219.1
Project("{FAE04EC0-301F-11D3-BF4B-00C04F79EFBC}") = "SocketUtilities.Messaging", "src\SocketUtilities.Messaging\SocketUtilities.Messaging.csproj", "{F6BF110F-920B-4522-8158-FB0DD3366798}"
EndProject
Project("{FAE04EC0-301F-11D3-BF4B-00C04F79EFBC}") = "SocketUtilities.Messaging.Tests", "tests\SocketUtilities.Messaging.Tests\SocketUtilities.Messaging.Tests.csproj", "{70DF0CEC-C0C9-4729-AC8B-8BD5C72E5C05}"
EndProject
Project("{FAE04EC0-301F-11D3-BF4B-00C04F79EFBC}") = "SocketUtilities.Server", "src\SocketUtilities.Server\SocketUtilities.Server.csproj", "{276448A9-1114-4746-B2F6-59E410E52B4F}"
EndProject
Project("{FAE04EC0-301F-11D3-BF4B-00C04F79EFBC}") = "TestProgram", "TestProgram\TestProgram.csproj", "{AA8A0A50-3677-43DB-B287-9231D2165B3E}"
EndProject
Project("{FAE04EC0-301F-11D3-BF4B-00C04F79EFBC}") = "SocketUtilities.Client", "src\SocketUtilities.Client\SocketUtilities.Client.csproj", "{9B3F3588-40D8-49DC-91F2-1CFE058E458A}"
EndProject
Project("{2150E333-8FDC-42A3-9474-1A3956D46DE8}") = "src", "src", "{000C1FD5-8240-4294-9BB9-22E964FF47F6}"
EndProject
Project("{2150E333-8FDC-42A3-9474-1A3956D46DE8}") = "tests", "tests", "{29882A38-40BF-4BE8-A5A2-643D3CC71ACE}"
EndProject
Project("{FAE04EC0-301F-11D3-BF4B-00C04F79EFBC}") = "SocketUtilities.Core", "src\SocketUtilities.Core\SocketUtilities.Core.csproj", "{173664AB-0713-4F41-9DA3-FD40290DB5BF}"
EndProject
Global
	GlobalSection(SolutionConfigurationPlatforms) = preSolution
		Debug|Any CPU = Debug|Any CPU
		Release|Any CPU = Release|Any CPU
	EndGlobalSection
	GlobalSection(ProjectConfigurationPlatforms) = postSolution
		{F6BF110F-920B-4522-8158-FB0DD3366798}.Debug|Any CPU.ActiveCfg = Debug|Any CPU
		{F6BF110F-920B-4522-8158-FB0DD3366798}.Debug|Any CPU.Build.0 = Debug|Any CPU
		{F6BF110F-920B-4522-8158-FB0DD3366798}.Release|Any CPU.ActiveCfg = Release|Any CPU
		{F6BF110F-920B-4522-8158-FB0DD3366798}.Release|Any CPU.Build.0 = Release|Any CPU
		{70DF0CEC-C0C9-4729-AC8B-8BD5C72E5C05}.Debug|Any CPU.ActiveCfg = Debug|Any CPU
		{70DF0CEC-C0C9-4729-AC8B-8BD5C72E5C05}.Debug|Any CPU.Build.0 = Debug|Any CPU
		{70DF0CEC-C0C9-4729-AC8B-8BD5C72E5C05}.Release|Any CPU.ActiveCfg = Release|Any CPU
		{70DF0CEC-C0C9-4729-AC8B-8BD5C72E5C05}.Release|Any CPU.Build.0 = Release|Any CPU
		{276448A9-1114-4746-B2F6-59E410E52B4F}.Debug|Any CPU.ActiveCfg = Debug|Any CPU
		{276448A9-1114-4746-B2F6-59E410E52B4F}.Debug|Any CPU.Build.0 = Debug|Any CPU
		{276448A9-1114-4746-B2F6-59E410E52B4F}.Release|Any CPU.ActiveCfg = Release|Any CPU
		{276448A9-1114-4746-B2F6-59E410E52B4F}.Release|Any CPU.Build.0 = Release|Any CPU
		{AA8A0A50-3677-43DB-B287-9231D2165B3E}.Debug|Any CPU.ActiveCfg = Debug|Any CPU
		{AA8A0A50-3677-43DB-B287-9231D2165B3E}.Debug|Any CPU.Build.0 = Debug|Any CPU
		{AA8A0A50-3677-43DB-B287-9231D2165B3E}.Release|Any CPU.ActiveCfg = Release|Any CPU
		{AA8A0A50-3677-43DB-B287-9231D2165B3E}.Release|Any CPU.Build.0 = Release|Any CPU
		{9B3F3588-40D8-49DC-91F2-1CFE058E458A}.Debug|Any CPU.ActiveCfg = Debug|Any CPU
		{9B3F3588-40D8-49DC-91F2-1CFE058E458A}.Debug|Any CPU.Build.0 = Debug|Any CPU
		{9B3F3588-40D8-49DC-91F2-1CFE058E458A}.Release|Any CPU.ActiveCfg = Release|Any CPU
		{9B3F3588-40D8-49DC-91F2-1CFE058E458A}.Release|Any CPU.Build.0 = Release|Any CPU
		{173664AB-0713-4F41-9DA3-FD40290DB5BF}.Debug|Any CPU.ActiveCfg = Debug|Any CPU
		{173664AB-0713-4F41-9DA3-FD40290DB5BF}.Debug|Any CPU.Build.0 = Debug|Any CPU
		{173664AB-0713-4F41-9DA3-FD40290DB5BF}.Release|Any CPU.ActiveCfg = Release|Any CPU
		{173664AB-0713-4F41-9DA3-FD40290DB5BF}.Release|Any CPU.Build.0 = Release|Any CPU
	EndGlobalSection
	GlobalSection(SolutionProperties) = preSolution
		HideSolutionNode = FALSE
	EndGlobalSection
	GlobalSection(NestedProjects) = preSolution
		{F6BF110F-920B-4522-8158-FB0DD3366798} = {000C1FD5-8240-4294-9BB9-22E964FF47F6}
		{70DF0CEC-C0C9-4729-AC8B-8BD5C72E5C05} = {29882A38-40BF-4BE8-A5A2-643D3CC71ACE}
		{276448A9-1114-4746-B2F6-59E410E52B4F} = {000C1FD5-8240-4294-9BB9-22E964FF47F6}
		{AA8A0A50-3677-43DB-B287-9231D2165B3E} = {000C1FD5-8240-4294-9BB9-22E964FF47F6}
		{9B3F3588-40D8-49DC-91F2-1CFE058E458A} = {000C1FD5-8240-4294-9BB9-22E964FF47F6}
		{173664AB-0713-4F41-9DA3-FD40290DB5BF} = {000C1FD5-8240-4294-9BB9-22E964FF47F6}
	EndGlobalSection
EndGlobal
